// !$*UTF8*$!
{
	archiveVersion = 1;
	classes = {
	};
	objectVersion = 48;
	objects = {

/* Begin PBXBuildFile section */
		AB1B63702093681A00D52B95 /* AppDelegate.swift in Sources */ = {isa = PBXBuildFile; fileRef = AB1B636F2093681A00D52B95 /* AppDelegate.swift */; };
		AB1B63722093681A00D52B95 /* ViewController.swift in Sources */ = {isa = PBXBuildFile; fileRef = AB1B63712093681A00D52B95 /* ViewController.swift */; };
		AB1B63752093681A00D52B95 /* Main.storyboard in Resources */ = {isa = PBXBuildFile; fileRef = AB1B63732093681A00D52B95 /* Main.storyboard */; };
		AB1B63772093681A00D52B95 /* Assets.xcassets in Resources */ = {isa = PBXBuildFile; fileRef = AB1B63762093681A00D52B95 /* Assets.xcassets */; };
		AB1B637A2093681A00D52B95 /* LaunchScreen.storyboard in Resources */ = {isa = PBXBuildFile; fileRef = AB1B63782093681A00D52B95 /* LaunchScreen.storyboard */; };
		AB1B63852093681A00D52B95 /* RunningTests.swift in Sources */ = {isa = PBXBuildFile; fileRef = AB1B63842093681A00D52B95 /* RunningTests.swift */; };
		AB1B63902093681A00D52B95 /* RunningUITests.swift in Sources */ = {isa = PBXBuildFile; fileRef = AB1B638F2093681A00D52B95 /* RunningUITests.swift */; };
		AB1B639E2093692000D52B95 /* TableViewController.swift in Sources */ = {isa = PBXBuildFile; fileRef = AB1B639D2093692000D52B95 /* TableViewController.swift */; };
		AB1B63A12093732500D52B95 /* AVFoundation.framework in Frameworks */ = {isa = PBXBuildFile; fileRef = AB1B63A02093732500D52B95 /* AVFoundation.framework */; };
		AB1B63AA20937DC000D52B95 /* bip2.m4a in Resources */ = {isa = PBXBuildFile; fileRef = AB1B63A820937AEC00D52B95 /* bip2.m4a */; };
		AB1B63AB20937DC000D52B95 /* bip3.m4a in Resources */ = {isa = PBXBuildFile; fileRef = AB1B63A620937AEC00D52B95 /* bip3.m4a */; };
		AB1B63AC20937DC000D52B95 /* bip4.m4a in Resources */ = {isa = PBXBuildFile; fileRef = AB1B63A720937AEC00D52B95 /* bip4.m4a */; };
		AB9176AB209709BB0078400A /* ChevronView.swift in Sources */ = {isa = PBXBuildFile; fileRef = AB9176A5209709BA0078400A /* ChevronView.swift */; };
		AB9176AC209709BB0078400A /* ChevronLayer.swift in Sources */ = {isa = PBXBuildFile; fileRef = AB9176A6209709BA0078400A /* ChevronLayer.swift */; };
		AB9176AD209709BB0078400A /* ChevronView.xib in Resources */ = {isa = PBXBuildFile; fileRef = AB9176A7209709BA0078400A /* ChevronView.xib */; };
		AB9176AE209709BB0078400A /* TargetView.xib in Resources */ = {isa = PBXBuildFile; fileRef = AB9176A8209709BA0078400A /* TargetView.xib */; };
		AB9176AF209709BB0078400A /* TargetView.swift in Sources */ = {isa = PBXBuildFile; fileRef = AB9176A9209709BA0078400A /* TargetView.swift */; };
		AB9176B0209709BB0078400A /* TargetLayer.swift in Sources */ = {isa = PBXBuildFile; fileRef = AB9176AA209709BB0078400A /* TargetLayer.swift */; };
		AB9176B320970DB00078400A /* RunGestureRecognizer.swift in Sources */ = {isa = PBXBuildFile; fileRef = AB9176B220970DB00078400A /* RunGestureRecognizer.swift */; };
/* End PBXBuildFile section */

/* Begin PBXContainerItemProxy section */
		AB1B63812093681A00D52B95 /* PBXContainerItemProxy */ = {
			isa = PBXContainerItemProxy;
			containerPortal = AB1B63642093681A00D52B95 /* Project object */;
			proxyType = 1;
			remoteGlobalIDString = AB1B636B2093681A00D52B95;
			remoteInfo = Running;
		};
		AB1B638C2093681A00D52B95 /* PBXContainerItemProxy */ = {
			isa = PBXContainerItemProxy;
			containerPortal = AB1B63642093681A00D52B95 /* Project object */;
			proxyType = 1;
			remoteGlobalIDString = AB1B636B2093681A00D52B95;
			remoteInfo = Running;
		};
/* End PBXContainerItemProxy section */

/* Begin PBXFileReference section */
		AB1B636C2093681A00D52B95 /* Running.app */ = {isa = PBXFileReference; explicitFileType = wrapper.application; includeInIndex = 0; path = Running.app; sourceTree = BUILT_PRODUCTS_DIR; };
		AB1B636F2093681A00D52B95 /* AppDelegate.swift */ = {isa = PBXFileReference; lastKnownFileType = sourcecode.swift; path = AppDelegate.swift; sourceTree = "<group>"; };
		AB1B63712093681A00D52B95 /* ViewController.swift */ = {isa = PBXFileReference; lastKnownFileType = sourcecode.swift; path = ViewController.swift; sourceTree = "<group>"; };
		AB1B63742093681A00D52B95 /* Base */ = {isa = PBXFileReference; lastKnownFileType = file.storyboard; name = Base; path = Base.lproj/Main.storyboard; sourceTree = "<group>"; };
		AB1B63762093681A00D52B95 /* Assets.xcassets */ = {isa = PBXFileReference; lastKnownFileType = folder.assetcatalog; path = Assets.xcassets; sourceTree = "<group>"; };
		AB1B63792093681A00D52B95 /* Base */ = {isa = PBXFileReference; lastKnownFileType = file.storyboard; name = Base; path = Base.lproj/LaunchScreen.storyboard; sourceTree = "<group>"; };
		AB1B637B2093681A00D52B95 /* Info.plist */ = {isa = PBXFileReference; lastKnownFileType = text.plist.xml; path = Info.plist; sourceTree = "<group>"; };
		AB1B63802093681A00D52B95 /* RunningTests.xctest */ = {isa = PBXFileReference; explicitFileType = wrapper.cfbundle; includeInIndex = 0; path = RunningTests.xctest; sourceTree = BUILT_PRODUCTS_DIR; };
		AB1B63842093681A00D52B95 /* RunningTests.swift */ = {isa = PBXFileReference; lastKnownFileType = sourcecode.swift; path = RunningTests.swift; sourceTree = "<group>"; };
		AB1B63862093681A00D52B95 /* Info.plist */ = {isa = PBXFileReference; lastKnownFileType = text.plist.xml; path = Info.plist; sourceTree = "<group>"; };
		AB1B638B2093681A00D52B95 /* RunningUITests.xctest */ = {isa = PBXFileReference; explicitFileType = wrapper.cfbundle; includeInIndex = 0; path = RunningUITests.xctest; sourceTree = BUILT_PRODUCTS_DIR; };
		AB1B638F2093681A00D52B95 /* RunningUITests.swift */ = {isa = PBXFileReference; lastKnownFileType = sourcecode.swift; path = RunningUITests.swift; sourceTree = "<group>"; };
		AB1B63912093681A00D52B95 /* Info.plist */ = {isa = PBXFileReference; lastKnownFileType = text.plist.xml; path = Info.plist; sourceTree = "<group>"; };
		AB1B639D2093692000D52B95 /* TableViewController.swift */ = {isa = PBXFileReference; lastKnownFileType = sourcecode.swift; path = TableViewController.swift; sourceTree = "<group>"; };
		AB1B63A02093732500D52B95 /* AVFoundation.framework */ = {isa = PBXFileReference; lastKnownFileType = wrapper.framework; name = AVFoundation.framework; path = System/Library/Frameworks/AVFoundation.framework; sourceTree = SDKROOT; };
		AB1B63A620937AEC00D52B95 /* bip3.m4a */ = {isa = PBXFileReference; lastKnownFileType = file; path = bip3.m4a; sourceTree = "<group>"; };
		AB1B63A720937AEC00D52B95 /* bip4.m4a */ = {isa = PBXFileReference; lastKnownFileType = file; path = bip4.m4a; sourceTree = "<group>"; };
		AB1B63A820937AEC00D52B95 /* bip2.m4a */ = {isa = PBXFileReference; lastKnownFileType = file; path = bip2.m4a; sourceTree = "<group>"; };
		AB9176A5209709BA0078400A /* ChevronView.swift */ = {isa = PBXFileReference; fileEncoding = 4; lastKnownFileType = sourcecode.swift; path = ChevronView.swift; sourceTree = "<group>"; };
		AB9176A6209709BA0078400A /* ChevronLayer.swift */ = {isa = PBXFileReference; fileEncoding = 4; lastKnownFileType = sourcecode.swift; path = ChevronLayer.swift; sourceTree = "<group>"; };
		AB9176A7209709BA0078400A /* ChevronView.xib */ = {isa = PBXFileReference; fileEncoding = 4; lastKnownFileType = file.xib; path = ChevronView.xib; sourceTree = "<group>"; };
		AB9176A8209709BA0078400A /* TargetView.xib */ = {isa = PBXFileReference; fileEncoding = 4; lastKnownFileType = file.xib; path = TargetView.xib; sourceTree = "<group>"; };
		AB9176A9209709BA0078400A /* TargetView.swift */ = {isa = PBXFileReference; fileEncoding = 4; lastKnownFileType = sourcecode.swift; path = TargetView.swift; sourceTree = "<group>"; };
		AB9176AA209709BB0078400A /* TargetLayer.swift */ = {isa = PBXFileReference; fileEncoding = 4; lastKnownFileType = sourcecode.swift; path = TargetLayer.swift; sourceTree = "<group>"; };
		AB9176B120970D6E0078400A /* bip.m4a */ = {isa = PBXFileReference; lastKnownFileType = file; path = bip.m4a; sourceTree = "<group>"; };
		AB9176B220970DB00078400A /* RunGestureRecognizer.swift */ = {isa = PBXFileReference; fileEncoding = 4; lastKnownFileType = sourcecode.swift; path = RunGestureRecognizer.swift; sourceTree = "<group>"; };
/* End PBXFileReference section */

/* Begin PBXFrameworksBuildPhase section */
		AB1B63692093681A00D52B95 /* Frameworks */ = {
			isa = PBXFrameworksBuildPhase;
			buildActionMask = 2147483647;
			files = (
				AB1B63A12093732500D52B95 /* AVFoundation.framework in Frameworks */,
			);
			runOnlyForDeploymentPostprocessing = 0;
		};
		AB1B637D2093681A00D52B95 /* Frameworks */ = {
			isa = PBXFrameworksBuildPhase;
			buildActionMask = 2147483647;
			files = (
			);
			runOnlyForDeploymentPostprocessing = 0;
		};
		AB1B63882093681A00D52B95 /* Frameworks */ = {
			isa = PBXFrameworksBuildPhase;
			buildActionMask = 2147483647;
			files = (
			);
			runOnlyForDeploymentPostprocessing = 0;
		};
/* End PBXFrameworksBuildPhase section */

/* Begin PBXGroup section */
		AB1B63632093681A00D52B95 = {
			isa = PBXGroup;
			children = (
				AB1B636E2093681A00D52B95 /* Running */,
				AB1B63832093681A00D52B95 /* RunningTests */,
				AB1B638E2093681A00D52B95 /* RunningUITests */,
				AB1B636D2093681A00D52B95 /* Products */,
				AB1B639F2093732500D52B95 /* Frameworks */,
			);
			sourceTree = "<group>";
		};
		AB1B636D2093681A00D52B95 /* Products */ = {
			isa = PBXGroup;
			children = (
				AB1B636C2093681A00D52B95 /* Running.app */,
				AB1B63802093681A00D52B95 /* RunningTests.xctest */,
				AB1B638B2093681A00D52B95 /* RunningUITests.xctest */,
			);
			name = Products;
			sourceTree = "<group>";
		};
		AB1B636E2093681A00D52B95 /* Running */ = {
			isa = PBXGroup;
			children = (
				AB9176B220970DB00078400A /* RunGestureRecognizer.swift */,
				AB9176A6209709BA0078400A /* ChevronLayer.swift */,
				AB9176A5209709BA0078400A /* ChevronView.swift */,
				AB9176A7209709BA0078400A /* ChevronView.xib */,
				AB9176AA209709BB0078400A /* TargetLayer.swift */,
				AB9176A9209709BA0078400A /* TargetView.swift */,
				AB9176A8209709BA0078400A /* TargetView.xib */,
				AB1B636F2093681A00D52B95 /* AppDelegate.swift */,
				AB1B63712093681A00D52B95 /* ViewController.swift */,
				AB1B639D2093692000D52B95 /* TableViewController.swift */,
				AB1B63732093681A00D52B95 /* Main.storyboard */,
				AB1B63762093681A00D52B95 /* Assets.xcassets */,
				AB1B63782093681A00D52B95 /* LaunchScreen.storyboard */,
				AB1B637B2093681A00D52B95 /* Info.plist */,
				AB1B63A420937AA300D52B95 /* Sounds */,
			);
			path = Running;
			sourceTree = "<group>";
		};
		AB1B63832093681A00D52B95 /* RunningTests */ = {
			isa = PBXGroup;
			children = (
				AB1B63842093681A00D52B95 /* RunningTests.swift */,
				AB1B63862093681A00D52B95 /* Info.plist */,
			);
			path = RunningTests;
			sourceTree = "<group>";
		};
		AB1B638E2093681A00D52B95 /* RunningUITests */ = {
			isa = PBXGroup;
			children = (
				AB1B638F2093681A00D52B95 /* RunningUITests.swift */,
				AB1B63912093681A00D52B95 /* Info.plist */,
			);
			path = RunningUITests;
			sourceTree = "<group>";
		};
		AB1B639F2093732500D52B95 /* Frameworks */ = {
			isa = PBXGroup;
			children = (
				AB1B63A02093732500D52B95 /* AVFoundation.framework */,
			);
			name = Frameworks;
			sourceTree = "<group>";
		};
		AB1B63A420937AA300D52B95 /* Sounds */ = {
			isa = PBXGroup;
			children = (
				AB9176B120970D6E0078400A /* bip.m4a */,
				AB1B63A820937AEC00D52B95 /* bip2.m4a */,
				AB1B63A620937AEC00D52B95 /* bip3.m4a */,
				AB1B63A720937AEC00D52B95 /* bip4.m4a */,
			);
			path = Sounds;
			sourceTree = "<group>";
		};
/* End PBXGroup section */

/* Begin PBXNativeTarget section */
		AB1B636B2093681A00D52B95 /* Running */ = {
			isa = PBXNativeTarget;
			buildConfigurationList = AB1B63942093681A00D52B95 /* Build configuration list for PBXNativeTarget "Running" */;
			buildPhases = (
				AB1B63682093681A00D52B95 /* Sources */,
				AB1B63692093681A00D52B95 /* Frameworks */,
				AB1B636A2093681A00D52B95 /* Resources */,
			);
			buildRules = (
			);
			dependencies = (
			);
			name = Running;
			productName = Running;
			productReference = AB1B636C2093681A00D52B95 /* Running.app */;
			productType = "com.apple.product-type.application";
		};
		AB1B637F2093681A00D52B95 /* RunningTests */ = {
			isa = PBXNativeTarget;
			buildConfigurationList = AB1B63972093681A00D52B95 /* Build configuration list for PBXNativeTarget "RunningTests" */;
			buildPhases = (
				AB1B637C2093681A00D52B95 /* Sources */,
				AB1B637D2093681A00D52B95 /* Frameworks */,
				AB1B637E2093681A00D52B95 /* Resources */,
			);
			buildRules = (
			);
			dependencies = (
				AB1B63822093681A00D52B95 /* PBXTargetDependency */,
			);
			name = RunningTests;
			productName = RunningTests;
			productReference = AB1B63802093681A00D52B95 /* RunningTests.xctest */;
			productType = "com.apple.product-type.bundle.unit-test";
		};
		AB1B638A2093681A00D52B95 /* RunningUITests */ = {
			isa = PBXNativeTarget;
			buildConfigurationList = AB1B639A2093681A00D52B95 /* Build configuration list for PBXNativeTarget "RunningUITests" */;
			buildPhases = (
				AB1B63872093681A00D52B95 /* Sources */,
				AB1B63882093681A00D52B95 /* Frameworks */,
				AB1B63892093681A00D52B95 /* Resources */,
			);
			buildRules = (
			);
			dependencies = (
				AB1B638D2093681A00D52B95 /* PBXTargetDependency */,
			);
			name = RunningUITests;
			productName = RunningUITests;
			productReference = AB1B638B2093681A00D52B95 /* RunningUITests.xctest */;
			productType = "com.apple.product-type.bundle.ui-testing";
		};
/* End PBXNativeTarget section */

/* Begin PBXProject section */
		AB1B63642093681A00D52B95 /* Project object */ = {
			isa = PBXProject;
			attributes = {
				LastSwiftUpdateCheck = 0920;
				LastUpgradeCheck = 0930;
				ORGANIZATIONNAME = "Romain Hild";
				TargetAttributes = {
					AB1B636B2093681A00D52B95 = {
						CreatedOnToolsVersion = 9.2;
						ProvisioningStyle = Automatic;
					};
					AB1B637F2093681A00D52B95 = {
						CreatedOnToolsVersion = 9.2;
						ProvisioningStyle = Automatic;
						TestTargetID = AB1B636B2093681A00D52B95;
					};
					AB1B638A2093681A00D52B95 = {
						CreatedOnToolsVersion = 9.2;
						ProvisioningStyle = Automatic;
						TestTargetID = AB1B636B2093681A00D52B95;
					};
				};
			};
			buildConfigurationList = AB1B63672093681A00D52B95 /* Build configuration list for PBXProject "Running" */;
			compatibilityVersion = "Xcode 8.0";
			developmentRegion = en;
			hasScannedForEncodings = 0;
			knownRegions = (
				en,
				Base,
			);
			mainGroup = AB1B63632093681A00D52B95;
			productRefGroup = AB1B636D2093681A00D52B95 /* Products */;
			projectDirPath = "";
			projectRoot = "";
			targets = (
				AB1B636B2093681A00D52B95 /* Running */,
				AB1B637F2093681A00D52B95 /* RunningTests */,
				AB1B638A2093681A00D52B95 /* RunningUITests */,
			);
		};
/* End PBXProject section */

/* Begin PBXResourcesBuildPhase section */
		AB1B636A2093681A00D52B95 /* Resources */ = {
			isa = PBXResourcesBuildPhase;
			buildActionMask = 2147483647;
			files = (
				AB9176AE209709BB0078400A /* TargetView.xib in Resources */,
				AB9176AD209709BB0078400A /* ChevronView.xib in Resources */,
				AB1B63AA20937DC000D52B95 /* bip2.m4a in Resources */,
				AB1B63AB20937DC000D52B95 /* bip3.m4a in Resources */,
				AB1B63AC20937DC000D52B95 /* bip4.m4a in Resources */,
				AB1B637A2093681A00D52B95 /* LaunchScreen.storyboard in Resources */,
				AB1B63772093681A00D52B95 /* Assets.xcassets in Resources */,
				AB1B63752093681A00D52B95 /* Main.storyboard in Resources */,
			);
			runOnlyForDeploymentPostprocessing = 0;
		};
		AB1B637E2093681A00D52B95 /* Resources */ = {
			isa = PBXResourcesBuildPhase;
			buildActionMask = 2147483647;
			files = (
			);
			runOnlyForDeploymentPostprocessing = 0;
		};
		AB1B63892093681A00D52B95 /* Resources */ = {
			isa = PBXResourcesBuildPhase;
			buildActionMask = 2147483647;
			files = (
			);
			runOnlyForDeploymentPostprocessing = 0;
		};
/* End PBXResourcesBuildPhase section */

/* Begin PBXSourcesBuildPhase section */
		AB1B63682093681A00D52B95 /* Sources */ = {
			isa = PBXSourcesBuildPhase;
			buildActionMask = 2147483647;
			files = (
				AB9176AB209709BB0078400A /* ChevronView.swift in Sources */,
				AB9176B320970DB00078400A /* RunGestureRecognizer.swift in Sources */,
				AB1B63722093681A00D52B95 /* ViewController.swift in Sources */,
				AB1B639E2093692000D52B95 /* TableViewController.swift in Sources */,
				AB9176B0209709BB0078400A /* TargetLayer.swift in Sources */,
				AB1B63702093681A00D52B95 /* AppDelegate.swift in Sources */,
				AB9176AC209709BB0078400A /* ChevronLayer.swift in Sources */,
				AB9176AF209709BB0078400A /* TargetView.swift in Sources */,
			);
			runOnlyForDeploymentPostprocessing = 0;
		};
		AB1B637C2093681A00D52B95 /* Sources */ = {
			isa = PBXSourcesBuildPhase;
			buildActionMask = 2147483647;
			files = (
				AB1B63852093681A00D52B95 /* RunningTests.swift in Sources */,
			);
			runOnlyForDeploymentPostprocessing = 0;
		};
		AB1B63872093681A00D52B95 /* Sources */ = {
			isa = PBXSourcesBuildPhase;
			buildActionMask = 2147483647;
			files = (
				AB1B63902093681A00D52B95 /* RunningUITests.swift in Sources */,
			);
			runOnlyForDeploymentPostprocessing = 0;
		};
/* End PBXSourcesBuildPhase section */

/* Begin PBXTargetDependency section */
		AB1B63822093681A00D52B95 /* PBXTargetDependency */ = {
			isa = PBXTargetDependency;
			target = AB1B636B2093681A00D52B95 /* Running */;
			targetProxy = AB1B63812093681A00D52B95 /* PBXContainerItemProxy */;
		};
		AB1B638D2093681A00D52B95 /* PBXTargetDependency */ = {
			isa = PBXTargetDependency;
			target = AB1B636B2093681A00D52B95 /* Running */;
			targetProxy = AB1B638C2093681A00D52B95 /* PBXContainerItemProxy */;
		};
/* End PBXTargetDependency section */

/* Begin PBXVariantGroup section */
		AB1B63732093681A00D52B95 /* Main.storyboard */ = {
			isa = PBXVariantGroup;
			children = (
				AB1B63742093681A00D52B95 /* Base */,
			);
			name = Main.storyboard;
			sourceTree = "<group>";
		};
		AB1B63782093681A00D52B95 /* LaunchScreen.storyboard */ = {
			isa = PBXVariantGroup;
			children = (
				AB1B63792093681A00D52B95 /* Base */,
			);
			name = LaunchScreen.storyboard;
			sourceTree = "<group>";
		};
/* End PBXVariantGroup section */

/* Begin XCBuildConfiguration section */
		AB1B63922093681A00D52B95 /* Debug */ = {
			isa = XCBuildConfiguration;
			buildSettings = {
				ALWAYS_SEARCH_USER_PATHS = NO;
				CLANG_ANALYZER_NONNULL = YES;
				CLANG_ANALYZER_NUMBER_OBJECT_CONVERSION = YES_AGGRESSIVE;
				CLANG_CXX_LANGUAGE_STANDARD = "gnu++14";
				CLANG_CXX_LIBRARY = "libc++";
				CLANG_ENABLE_MODULES = YES;
				CLANG_ENABLE_OBJC_ARC = YES;
				CLANG_WARN_BLOCK_CAPTURE_AUTORELEASING = YES;
				CLANG_WARN_BOOL_CONVERSION = YES;
				CLANG_WARN_COMMA = YES;
				CLANG_WARN_CONSTANT_CONVERSION = YES;
				CLANG_WARN_DEPRECATED_OBJC_IMPLEMENTATIONS = YES;
				CLANG_WARN_DIRECT_OBJC_ISA_USAGE = YES_ERROR;
				CLANG_WARN_DOCUMENTATION_COMMENTS = YES;
				CLANG_WARN_EMPTY_BODY = YES;
				CLANG_WARN_ENUM_CONVERSION = YES;
				CLANG_WARN_INFINITE_RECURSION = YES;
				CLANG_WARN_INT_CONVERSION = YES;
				CLANG_WARN_NON_LITERAL_NULL_CONVERSION = YES;
				CLANG_WARN_OBJC_IMPLICIT_RETAIN_SELF = YES;
				CLANG_WARN_OBJC_LITERAL_CONVERSION = YES;
				CLANG_WARN_OBJC_ROOT_CLASS = YES_ERROR;
				CLANG_WARN_RANGE_LOOP_ANALYSIS = YES;
				CLANG_WARN_STRICT_PROTOTYPES = YES;
				CLANG_WARN_SUSPICIOUS_MOVE = YES;
				CLANG_WARN_UNGUARDED_AVAILABILITY = YES_AGGRESSIVE;
				CLANG_WARN_UNREACHABLE_CODE = YES;
				CLANG_WARN__DUPLICATE_METHOD_MATCH = YES;
				CODE_SIGN_IDENTITY = "iPhone Developer";
				COPY_PHASE_STRIP = NO;
				DEBUG_INFORMATION_FORMAT = dwarf;
				ENABLE_STRICT_OBJC_MSGSEND = YES;
				ENABLE_TESTABILITY = YES;
				GCC_C_LANGUAGE_STANDARD = gnu11;
				GCC_DYNAMIC_NO_PIC = NO;
				GCC_NO_COMMON_BLOCKS = YES;
				GCC_OPTIMIZATION_LEVEL = 0;
				GCC_PREPROCESSOR_DEFINITIONS = (
					"DEBUG=1",
					"$(inherited)",
				);
				GCC_WARN_64_TO_32_BIT_CONVERSION = YES;
				GCC_WARN_ABOUT_RETURN_TYPE = YES_ERROR;
				GCC_WARN_UNDECLARED_SELECTOR = YES;
				GCC_WARN_UNINITIALIZED_AUTOS = YES_AGGRESSIVE;
				GCC_WARN_UNUSED_FUNCTION = YES;
				GCC_WARN_UNUSED_VARIABLE = YES;
				IPHONEOS_DEPLOYMENT_TARGET = 11.2;
				MTL_ENABLE_DEBUG_INFO = YES;
				ONLY_ACTIVE_ARCH = YES;
				SDKROOT = iphoneos;
				SWIFT_ACTIVE_COMPILATION_CONDITIONS = DEBUG;
				SWIFT_OPTIMIZATION_LEVEL = "-Onone";
			};
			name = Debug;
		};
		AB1B63932093681A00D52B95 /* Release */ = {
			isa = XCBuildConfiguration;
			buildSettings = {
				ALWAYS_SEARCH_USER_PATHS = NO;
				CLANG_ANALYZER_NONNULL = YES;
				CLANG_ANALYZER_NUMBER_OBJECT_CONVERSION = YES_AGGRESSIVE;
				CLANG_CXX_LANGUAGE_STANDARD = "gnu++14";
				CLANG_CXX_LIBRARY = "libc++";
				CLANG_ENABLE_MODULES = YES;
				CLANG_ENABLE_OBJC_ARC = YES;
				CLANG_WARN_BLOCK_CAPTURE_AUTORELEASING = YES;
				CLANG_WARN_BOOL_CONVERSION = YES;
				CLANG_WARN_COMMA = YES;
				CLANG_WARN_CONSTANT_CONVERSION = YES;
				CLANG_WARN_DEPRECATED_OBJC_IMPLEMENTATIONS = YES;
				CLANG_WARN_DIRECT_OBJC_ISA_USAGE = YES_ERROR;
				CLANG_WARN_DOCUMENTATION_COMMENTS = YES;
				CLANG_WARN_EMPTY_BODY = YES;
				CLANG_WARN_ENUM_CONVERSION = YES;
				CLANG_WARN_INFINITE_RECURSION = YES;
				CLANG_WARN_INT_CONVERSION = YES;
				CLANG_WARN_NON_LITERAL_NULL_CONVERSION = YES;
				CLANG_WARN_OBJC_IMPLICIT_RETAIN_SELF = YES;
				CLANG_WARN_OBJC_LITERAL_CONVERSION = YES;
				CLANG_WARN_OBJC_ROOT_CLASS = YES_ERROR;
				CLANG_WARN_RANGE_LOOP_ANALYSIS = YES;
				CLANG_WARN_STRICT_PROTOTYPES = YES;
				CLANG_WARN_SUSPICIOUS_MOVE = YES;
				CLANG_WARN_UNGUARDED_AVAILABILITY = YES_AGGRESSIVE;
				CLANG_WARN_UNREACHABLE_CODE = YES;
				CLANG_WARN__DUPLICATE_METHOD_MATCH = YES;
				CODE_SIGN_IDENTITY = "iPhone Developer";
				COPY_PHASE_STRIP = NO;
				DEBUG_INFORMATION_FORMAT = "dwarf-with-dsym";
				ENABLE_NS_ASSERTIONS = NO;
				ENABLE_STRICT_OBJC_MSGSEND = YES;
				GCC_C_LANGUAGE_STANDARD = gnu11;
				GCC_NO_COMMON_BLOCKS = YES;
				GCC_WARN_64_TO_32_BIT_CONVERSION = YES;
				GCC_WARN_ABOUT_RETURN_TYPE = YES_ERROR;
				GCC_WARN_UNDECLARED_SELECTOR = YES;
				GCC_WARN_UNINITIALIZED_AUTOS = YES_AGGRESSIVE;
				GCC_WARN_UNUSED_FUNCTION = YES;
				GCC_WARN_UNUSED_VARIABLE = YES;
				IPHONEOS_DEPLOYMENT_TARGET = 11.2;
				MTL_ENABLE_DEBUG_INFO = NO;
				SDKROOT = iphoneos;
				SWIFT_OPTIMIZATION_LEVEL = "-Owholemodule";
				VALIDATE_PRODUCT = YES;
			};
			name = Release;
		};
		AB1B63952093681A00D52B95 /* Debug */ = {
			isa = XCBuildConfiguration;
			buildSettings = {
				ASSETCATALOG_COMPILER_APPICON_NAME = AppIcon;
				CODE_SIGN_STYLE = Automatic;
				DEVELOPMENT_TEAM = U34ZVBHBJ7;
				INFOPLIST_FILE = Running/Info.plist;
				LD_RUNPATH_SEARCH_PATHS = "$(inherited) @executable_path/Frameworks";
				PRODUCT_BUNDLE_IDENTIFIER = rh.Running;
				PRODUCT_NAME = "$(TARGET_NAME)";
				SWIFT_VERSION = 4.0;
				TARGETED_DEVICE_FAMILY = "1,2";
			};
			name = Debug;
		};
		AB1B63962093681A00D52B95 /* Release */ = {
			isa = XCBuildConfiguration;
			buildSettings = {
				ASSETCATALOG_COMPILER_APPICON_NAME = AppIcon;
				CODE_SIGN_STYLE = Automatic;
				DEVELOPMENT_TEAM = U34ZVBHBJ7;
				INFOPLIST_FILE = Running/Info.plist;
				LD_RUNPATH_SEARCH_PATHS = "$(inherited) @executable_path/Frameworks";
				PRODUCT_BUNDLE_IDENTIFIER = rh.Running;
				PRODUCT_NAME = "$(TARGET_NAME)";
				SWIFT_VERSION = 4.0;
				TARGETED_DEVICE_FAMILY = "1,2";
			};
			name = Release;
		};
		AB1B63982093681A00D52B95 /* Debug */ = {
			isa = XCBuildConfiguration;
			buildSettings = {
				ALWAYS_EMBED_SWIFT_STANDARD_LIBRARIES = YES;
				BUNDLE_LOADER = "$(TEST_HOST)";
				CODE_SIGN_STYLE = Automatic;
				DEVELOPMENT_TEAM = U34ZVBHBJ7;
				INFOPLIST_FILE = RunningTests/Info.plist;
				LD_RUNPATH_SEARCH_PATHS = "$(inherited) @executable_path/Frameworks @loader_path/Frameworks";
				PRODUCT_BUNDLE_IDENTIFIER = rh.RunningTests;
				PRODUCT_NAME = "$(TARGET_NAME)";
				SWIFT_VERSION = 4.0;
				TARGETED_DEVICE_FAMILY = "1,2";
				TEST_HOST = "$(BUILT_PRODUCTS_DIR)/Running.app/Running";
			};
			name = Debug;
		};
		AB1B63992093681A00D52B95 /* Release */ = {
			isa = XCBuildConfiguration;
			buildSettings = {
				ALWAYS_EMBED_SWIFT_STANDARD_LIBRARIES = YES;
				BUNDLE_LOADER = "$(TEST_HOST)";
				CODE_SIGN_STYLE = Automatic;
				DEVELOPMENT_TEAM = U34ZVBHBJ7;
				INFOPLIST_FILE = RunningTests/Info.plist;
				LD_RUNPATH_SEARCH_PATHS = "$(inherited) @executable_path/Frameworks @loader_path/Frameworks";
				PRODUCT_BUNDLE_IDENTIFIER = rh.RunningTests;
				PRODUCT_NAME = "$(TARGET_NAME)";
				SWIFT_VERSION = 4.0;
				TARGETED_DEVICE_FAMILY = "1,2";
				TEST_HOST = "$(BUILT_PRODUCTS_DIR)/Running.app/Running";
			};
			name = Release;
		};
		AB1B639B2093681A00D52B95 /* Debug */ = {
			isa = XCBuildConfiguration;
			buildSettings = {
				ALWAYS_EMBED_SWIFT_STANDARD_LIBRARIES = YES;
				CODE_SIGN_STYLE = Automatic;
				DEVELOPMENT_TEAM = U34ZVBHBJ7;
				INFOPLIST_FILE = RunningUITests/Info.plist;
				LD_RUNPATH_SEARCH_PATHS = "$(inherited) @executable_path/Frameworks @loader_path/Frameworks";
				PRODUCT_BUNDLE_IDENTIFIER = rh.RunningUITests;
				PRODUCT_NAME = "$(TARGET_NAME)";
				SWIFT_VERSION = 4.0;
				TARGETED_DEVICE_FAMILY = "1,2";
				TEST_TARGET_NAME = Running;
			};
			name = Debug;
		};
		AB1B639C2093681A00D52B95 /* Release */ = {
			isa = XCBuildConfiguration;
			buildSettings = {
				ALWAYS_EMBED_SWIFT_STANDARD_LIBRARIES = YES;
				CODE_SIGN_STYLE = Automatic;
				DEVELOPMENT_TEAM = U34ZVBHBJ7;
				INFOPLIST_FILE = RunningUITests/Info.plist;
				LD_RUNPATH_SEARCH_PATHS = "$(inherited) @executable_path/Frameworks @loader_path/Frameworks";
				PRODUCT_BUNDLE_IDENTIFIER = rh.RunningUITests;
				PRODUCT_NAME = "$(TARGET_NAME)";
				SWIFT_VERSION = 4.0;
				TARGETED_DEVICE_FAMILY = "1,2";
				TEST_TARGET_NAME = Running;
			};
			name = Release;
		};
/* End XCBuildConfiguration section */

/* Begin XCConfigurationList section */
		AB1B63672093681A00D52B95 /* Build configuration list for PBXProject "Running" */ = {
			isa = XCConfigurationList;
			buildConfigurations = (
				AB1B63922093681A00D52B95 /* Debug */,
				AB1B63932093681A00D52B95 /* Release */,
			);
			defaultConfigurationIsVisible = 0;
			defaultConfigurationName = Release;
		};
		AB1B63942093681A00D52B95 /* Build configuration list for PBXNativeTarget "Running" */ = {
			isa = XCConfigurationList;
			buildConfigurations = (
				AB1B63952093681A00D52B95 /* Debug */,
				AB1B63962093681A00D52B95 /* Release */,
			);
			defaultConfigurationIsVisible = 0;
			defaultConfigurationName = Release;
		};
		AB1B63972093681A00D52B95 /* Build configuration list for PBXNativeTarget "RunningTests" */ = {
			isa = XCConfigurationList;
			buildConfigurations = (
				AB1B63982093681A00D52B95 /* Debug */,
				AB1B63992093681A00D52B95 /* Release */,
			);
			defaultConfigurationIsVisible = 0;
			defaultConfigurationName = Release;
		};
		AB1B639A2093681A00D52B95 /* Build configuration list for PBXNativeTarget "RunningUITests" */ = {
			isa = XCConfigurationList;
			buildConfigurations = (
				AB1B639B2093681A00D52B95 /* Debug */,
				AB1B639C2093681A00D52B95 /* Release */,
			);
			defaultConfigurationIsVisible = 0;
			defaultConfigurationName = Release;
		};
/* End XCConfigurationList section */
	};
	rootObject = AB1B63642093681A00D52B95 /* Project object */;
}
